
Microsoft Visual Studio Solution File, Format Version 12.00
# Visual Studio 15
VisualStudioVersion = 15.0.27428.1
MinimumVisualStudioVersion = 10.0.40219.1
Project("{FAE04EC0-301F-11D3-BF4B-00C04F79EFBC}") = "KeywordDrivenFramework", "KeywordDrivenFramework\KeywordDrivenFramework.csproj", "{FC7318A4-AE5F-45F7-9A56-14D132CCBB3B}"
EndProject
Project("{FAE04EC0-301F-11D3-BF4B-00C04F79EFBC}") = "TestFramework", "TestFramework\TestFramework.csproj", "{8EDF4429-251A-416D-BB68-93F227191BCF}"
EndProject
Global
	GlobalSection(SolutionConfigurationPlatforms) = preSolution
		Debug|Any CPU = Debug|Any CPU
		Release|Any CPU = Release|Any CPU
	EndGlobalSection
	GlobalSection(ProjectConfigurationPlatforms) = postSolution
		{FC7318A4-AE5F-45F7-9A56-14D132CCBB3B}.Debug|Any CPU.ActiveCfg = Debug|Any CPU
		{FC7318A4-AE5F-45F7-9A56-14D132CCBB3B}.Debug|Any CPU.Build.0 = Debug|Any CPU
		{FC7318A4-AE5F-45F7-9A56-14D132CCBB3B}.Release|Any CPU.ActiveCfg = Release|Any CPU
		{FC7318A4-AE5F-45F7-9A56-14D132CCBB3B}.Release|Any CPU.Build.0 = Release|Any CPU
		{8EDF4429-251A-416D-BB68-93F227191BCF}.Debug|Any CPU.ActiveCfg = Debug|Any CPU
		{8EDF4429-251A-416D-BB68-93F227191BCF}.Debug|Any CPU.Build.0 = Debug|Any CPU
		{8EDF4429-251A-416D-BB68-93F227191BCF}.Release|Any CPU.ActiveCfg = Release|Any CPU
		{8EDF4429-251A-416D-BB68-93F227191BCF}.Release|Any CPU.Build.0 = Release|Any CPU
	EndGlobalSection
	GlobalSection(SolutionProperties) = preSolution
		HideSolutionNode = FALSE
	EndGlobalSection
	GlobalSection(ExtensibilityGlobals) = postSolution
		SolutionGuid = {F4C9E3E7-DADF-4673-9D7B-7BD6D636DC45}
	EndGlobalSection
EndGlobal
